
Microsoft Visual Studio Solution File, Format Version 12.00
# Visual Studio 15
VisualStudioVersion = 15.0.27004.2005
MinimumVisualStudioVersion = 10.0.40219.1
Project("{FAE04EC0-301F-11D3-BF4B-00C04F79EFBC}") = "ICT13580042A.Android", "ICT13580042A\ICT13580042A.Android\ICT13580042A.Android.csproj", "{2454B912-2A45-40B1-99AA-49DC3C45C49E}"
EndProject
Project("{FAE04EC0-301F-11D3-BF4B-00C04F79EFBC}") = "ICT13580042A", "ICT13580042A\ICT13580042A\ICT13580042A.csproj", "{84C3E3A8-E7C6-49B0-8C2D-4D5915C346FA}"
EndProject
Project("{FAE04EC0-301F-11D3-BF4B-00C04F79EFBC}") = "ICT13580042A.iOS", "ICT13580042A\ICT13580042A.iOS\ICT13580042A.iOS.csproj", "{BB0946ED-5049-4017-86AD-73634FCF2558}"
EndProject
Global
	GlobalSection(SolutionConfigurationPlatforms) = preSolution
		Ad-Hoc|Any CPU = Ad-Hoc|Any CPU
		Ad-Hoc|iPhone = Ad-Hoc|iPhone
		Ad-Hoc|iPhoneSimulator = Ad-Hoc|iPhoneSimulator
		AppStore|Any CPU = AppStore|Any CPU
		AppStore|iPhone = AppStore|iPhone
		AppStore|iPhoneSimulator = AppStore|iPhoneSimulator
		Debug|Any CPU = Debug|Any CPU
		Debug|iPhone = Debug|iPhone
		Debug|iPhoneSimulator = Debug|iPhoneSimulator
		Release|Any CPU = Release|Any CPU
		Release|iPhone = Release|iPhone
		Release|iPhoneSimulator = Release|iPhoneSimulator
	EndGlobalSection
	GlobalSection(ProjectConfigurationPlatforms) = postSolution
		{2454B912-2A45-40B1-99AA-49DC3C45C49E}.Ad-Hoc|Any CPU.ActiveCfg = Release|Any CPU
		{2454B912-2A45-40B1-99AA-49DC3C45C49E}.Ad-Hoc|Any CPU.Build.0 = Release|Any CPU
		{2454B912-2A45-40B1-99AA-49DC3C45C49E}.Ad-Hoc|Any CPU.Deploy.0 = Release|Any CPU
		{2454B912-2A45-40B1-99AA-49DC3C45C49E}.Ad-Hoc|iPhone.ActiveCfg = Release|Any CPU
		{2454B912-2A45-40B1-99AA-49DC3C45C49E}.Ad-Hoc|iPhone.Build.0 = Release|Any CPU
		{2454B912-2A45-40B1-99AA-49DC3C45C49E}.Ad-Hoc|iPhone.Deploy.0 = Release|Any CPU
		{2454B912-2A45-40B1-99AA-49DC3C45C49E}.Ad-Hoc|iPhoneSimulator.ActiveCfg = Release|Any CPU
		{2454B912-2A45-40B1-99AA-49DC3C45C49E}.Ad-Hoc|iPhoneSimulator.Build.0 = Release|Any CPU
		{2454B912-2A45-40B1-99AA-49DC3C45C49E}.Ad-Hoc|iPhoneSimulator.Deploy.0 = Release|Any CPU
		{2454B912-2A45-40B1-99AA-49DC3C45C49E}.AppStore|Any CPU.ActiveCfg = Release|Any CPU
		{2454B912-2A45-40B1-99AA-49DC3C45C49E}.AppStore|Any CPU.Build.0 = Release|Any CPU
		{2454B912-2A45-40B1-99AA-49DC3C45C49E}.AppStore|Any CPU.Deploy.0 = Release|Any CPU
		{2454B912-2A45-40B1-99AA-49DC3C45C49E}.AppStore|iPhone.ActiveCfg = Release|Any CPU
		{2454B912-2A45-40B1-99AA-49DC3C45C49E}.AppStore|iPhone.Build.0 = Release|Any CPU
		{2454B912-2A45-40B1-99AA-49DC3C45C49E}.AppStore|iPhone.Deploy.0 = Release|Any CPU
		{2454B912-2A45-40B1-99AA-49DC3C45C49E}.AppStore|iPhoneSimulator.ActiveCfg = Release|Any CPU
		{2454B912-2A45-40B1-99AA-49DC3C45C49E}.AppStore|iPhoneSimulator.Build.0 = Release|Any CPU
		{2454B912-2A45-40B1-99AA-49DC3C45C49E}.AppStore|iPhoneSimulator.Deploy.0 = Release|Any CPU
		{2454B912-2A45-40B1-99AA-49DC3C45C49E}.Debug|Any CPU.ActiveCfg = Debug|Any CPU
		{2454B912-2A45-40B1-99AA-49DC3C45C49E}.Debug|Any CPU.Build.0 = Debug|Any CPU
		{2454B912-2A45-40B1-99AA-49DC3C45C49E}.Debug|Any CPU.Deploy.0 = Debug|Any CPU
		{2454B912-2A45-40B1-99AA-49DC3C45C49E}.Debug|iPhone.ActiveCfg = Debug|Any CPU
		{2454B912-2A45-40B1-99AA-49DC3C45C49E}.Debug|iPhone.Build.0 = Debug|Any CPU
		{2454B912-2A45-40B1-99AA-49DC3C45C49E}.Debug|iPhone.Deploy.0 = Debug|Any CPU
		{2454B912-2A45-40B1-99AA-49DC3C45C49E}.Debug|iPhoneSimulator.ActiveCfg = Debug|Any CPU
		{2454B912-2A45-40B1-99AA-49DC3C45C49E}.Debug|iPhoneSimulator.Build.0 = Debug|Any CPU
		{2454B912-2A45-40B1-99AA-49DC3C45C49E}.Debug|iPhoneSimulator.Deploy.0 = Debug|Any CPU
		{2454B912-2A45-40B1-99AA-49DC3C45C49E}.Release|Any CPU.ActiveCfg = Release|Any CPU
		{2454B912-2A45-40B1-99AA-49DC3C45C49E}.Release|Any CPU.Build.0 = Release|Any CPU
		{2454B912-2A45-40B1-99AA-49DC3C45C49E}.Release|Any CPU.Deploy.0 = Release|Any CPU
		{2454B912-2A45-40B1-99AA-49DC3C45C49E}.Release|iPhone.ActiveCfg = Release|Any CPU
		{2454B912-2A45-40B1-99AA-49DC3C45C49E}.Release|iPhone.Build.0 = Release|Any CPU
		{2454B912-2A45-40B1-99AA-49DC3C45C49E}.Release|iPhone.Deploy.0 = Release|Any CPU
		{2454B912-2A45-40B1-99AA-49DC3C45C49E}.Release|iPhoneSimulator.ActiveCfg = Release|Any CPU
		{2454B912-2A45-40B1-99AA-49DC3C45C49E}.Release|iPhoneSimulator.Build.0 = Release|Any CPU
		{2454B912-2A45-40B1-99AA-49DC3C45C49E}.Release|iPhoneSimulator.Deploy.0 = Release|Any CPU
		{84C3E3A8-E7C6-49B0-8C2D-4D5915C346FA}.Ad-Hoc|Any CPU.ActiveCfg = Release|Any CPU
		{84C3E3A8-E7C6-49B0-8C2D-4D5915C346FA}.Ad-Hoc|Any CPU.Build.0 = Release|Any CPU
		{84C3E3A8-E7C6-49B0-8C2D-4D5915C346FA}.Ad-Hoc|iPhone.ActiveCfg = Release|Any CPU
		{84C3E3A8-E7C6-49B0-8C2D-4D5915C346FA}.Ad-Hoc|iPhone.Build.0 = Release|Any CPU
		{84C3E3A8-E7C6-49B0-8C2D-4D5915C346FA}.Ad-Hoc|iPhoneSimulator.ActiveCfg = Release|Any CPU
		{84C3E3A8-E7C6-49B0-8C2D-4D5915C346FA}.Ad-Hoc|iPhoneSimulator.Build.0 = Release|Any CPU
		{84C3E3A8-E7C6-49B0-8C2D-4D5915C346FA}.AppStore|Any CPU.ActiveCfg = Release|Any CPU
		{84C3E3A8-E7C6-49B0-8C2D-4D5915C346FA}.AppStore|Any CPU.Build.0 = Release|Any CPU
		{84C3E3A8-E7C6-49B0-8C2D-4D5915C346FA}.AppStore|iPhone.ActiveCfg = Release|Any CPU
		{84C3E3A8-E7C6-49B0-8C2D-4D5915C346FA}.AppStore|iPhone.Build.0 = Release|Any CPU
		{84C3E3A8-E7C6-49B0-8C2D-4D5915C346FA}.AppStore|iPhoneSimulator.ActiveCfg = Release|Any CPU
		{84C3E3A8-E7C6-49B0-8C2D-4D5915C346FA}.AppStore|iPhoneSimulator.Build.0 = Release|Any CPU
		{84C3E3A8-E7C6-49B0-8C2D-4D5915C346FA}.Debug|Any CPU.ActiveCfg = Debug|Any CPU
		{84C3E3A8-E7C6-49B0-8C2D-4D5915C346FA}.Debug|Any CPU.Build.0 = Debug|Any CPU
		{84C3E3A8-E7C6-49B0-8C2D-4D5915C346FA}.Debug|iPhone.ActiveCfg = Debug|Any CPU
		{84C3E3A8-E7C6-49B0-8C2D-4D5915C346FA}.Debug|iPhone.Build.0 = Debug|Any CPU
		{84C3E3A8-E7C6-49B0-8C2D-4D5915C346FA}.Debug|iPhoneSimulator.ActiveCfg = Debug|Any CPU
		{84C3E3A8-E7C6-49B0-8C2D-4D5915C346FA}.Debug|iPhoneSimulator.Build.0 = Debug|Any CPU
		{84C3E3A8-E7C6-49B0-8C2D-4D5915C346FA}.Release|Any CPU.ActiveCfg = Release|Any CPU
		{84C3E3A8-E7C6-49B0-8C2D-4D5915C346FA}.Release|Any CPU.Build.0 = Release|Any CPU
		{84C3E3A8-E7C6-49B0-8C2D-4D5915C346FA}.Release|iPhone.ActiveCfg = Release|Any CPU
		{84C3E3A8-E7C6-49B0-8C2D-4D5915C346FA}.Release|iPhone.Build.0 = Release|Any CPU
		{84C3E3A8-E7C6-49B0-8C2D-4D5915C346FA}.Release|iPhoneSimulator.ActiveCfg = Release|Any CPU
		{84C3E3A8-E7C6-49B0-8C2D-4D5915C346FA}.Release|iPhoneSimulator.Build.0 = Release|Any CPU
		{BB0946ED-5049-4017-86AD-73634FCF2558}.Ad-Hoc|Any CPU.ActiveCfg = Ad-Hoc|iPhoneSimulator
		{BB0946ED-5049-4017-86AD-73634FCF2558}.Ad-Hoc|iPhone.ActiveCfg = Ad-Hoc|iPhone
		{BB0946ED-5049-4017-86AD-73634FCF2558}.Ad-Hoc|iPhone.Build.0 = Ad-Hoc|iPhone
		{BB0946ED-5049-4017-86AD-73634FCF2558}.Ad-Hoc|iPhoneSimulator.ActiveCfg = Ad-Hoc|iPhoneSimulator
		{BB0946ED-5049-4017-86AD-73634FCF2558}.Ad-Hoc|iPhoneSimulator.Build.0 = Ad-Hoc|iPhoneSimulator
		{BB0946ED-5049-4017-86AD-73634FCF2558}.AppStore|Any CPU.ActiveCfg = AppStore|iPhoneSimulator
		{BB0946ED-5049-4017-86AD-73634FCF2558}.AppStore|iPhone.ActiveCfg = AppStore|iPhone
		{BB0946ED-5049-4017-86AD-73634FCF2558}.AppStore|iPhone.Build.0 = AppStore|iPhone
		{BB0946ED-5049-4017-86AD-73634FCF2558}.AppStore|iPhoneSimulator.ActiveCfg = AppStore|iPhoneSimulator
		{BB0946ED-5049-4017-86AD-73634FCF2558}.AppStore|iPhoneSimulator.Build.0 = AppStore|iPhoneSimulator
		{BB0946ED-5049-4017-86AD-73634FCF2558}.Debug|Any CPU.ActiveCfg = Debug|iPhoneSimulator
		{BB0946ED-5049-4017-86AD-73634FCF2558}.Debug|iPhone.ActiveCfg = Debug|iPhone
		{BB0946ED-5049-4017-86AD-73634FCF2558}.Debug|iPhone.Build.0 = Debug|iPhone
		{BB0946ED-5049-4017-86AD-73634FCF2558}.Debug|iPhoneSimulator.ActiveCfg = Debug|iPhoneSimulator
		{BB0946ED-5049-4017-86AD-73634FCF2558}.Debug|iPhoneSimulator.Build.0 = Debug|iPhoneSimulator
		{BB0946ED-5049-4017-86AD-73634FCF2558}.Release|Any CPU.ActiveCfg = Release|iPhoneSimulator
		{BB0946ED-5049-4017-86AD-73634FCF2558}.Release|iPhone.ActiveCfg = Release|iPhone
		{BB0946ED-5049-4017-86AD-73634FCF2558}.Release|iPhone.Build.0 = Release|iPhone
		{BB0946ED-5049-4017-86AD-73634FCF2558}.Release|iPhoneSimulator.ActiveCfg = Release|iPhoneSimulator
		{BB0946ED-5049-4017-86AD-73634FCF2558}.Release|iPhoneSimulator.Build.0 = Release|iPhoneSimulator
	EndGlobalSection
	GlobalSection(SolutionProperties) = preSolution
		HideSolutionNode = FALSE
	EndGlobalSection
	GlobalSection(ExtensibilityGlobals) = postSolution
		SolutionGuid = {FF54629A-752C-4912-8409-40CF3552076B}
	EndGlobalSection
EndGlobal
